
Microsoft Visual Studio Solution File, Format Version 12.00
# Visual Studio 15
Project("{FAE04EC0-301F-11D3-BF4B-00C04F79EFBC}") = "testSceneProject", "testSceneProject.csproj", "{38CD004D-8646-693B-84F5-E8724F1E8034}"
EndProject
Project("{FAE04EC0-301F-11D3-BF4B-00C04F79EFBC}") = "testSceneProject.Editor", "testSceneProject.Editor.csproj", "{12097BFA-377F-CF3C-8632-B8E564DF9C7A}"
EndProject
Global
	GlobalSection(SolutionConfigurationPlatforms) = preSolution
		Debug|Any CPU = Debug|Any CPU
		Release|Any CPU = Release|Any CPU
	EndGlobalSection
	GlobalSection(ProjectConfigurationPlatforms) = postSolution
		{38CD004D-8646-693B-84F5-E8724F1E8034}.Debug|Any CPU.ActiveCfg = Debug|Any CPU
		{38CD004D-8646-693B-84F5-E8724F1E8034}.Debug|Any CPU.Build.0 = Debug|Any CPU
		{38CD004D-8646-693B-84F5-E8724F1E8034}.Release|Any CPU.ActiveCfg = Release|Any CPU
		{38CD004D-8646-693B-84F5-E8724F1E8034}.Release|Any CPU.Build.0 = Release|Any CPU
		{12097BFA-377F-CF3C-8632-B8E564DF9C7A}.Debug|Any CPU.ActiveCfg = Debug|Any CPU
		{12097BFA-377F-CF3C-8632-B8E564DF9C7A}.Debug|Any CPU.Build.0 = Debug|Any CPU
		{12097BFA-377F-CF3C-8632-B8E564DF9C7A}.Release|Any CPU.ActiveCfg = Release|Any CPU
		{12097BFA-377F-CF3C-8632-B8E564DF9C7A}.Release|Any CPU.Build.0 = Release|Any CPU
	EndGlobalSection
	GlobalSection(SolutionProperties) = preSolution
		HideSolutionNode = FALSE
	EndGlobalSection
EndGlobal
